// !$*UTF8*$!
{
	archiveVersion = 1;
	classes = {
	};
	objectVersion = 46;
	objects = {

/* Begin PBXBuildFile section */
		59D4908D1B33ACDC0062E9E9 /* AppDelegate.swift in Sources */ = {isa = PBXBuildFile; fileRef = 59D4908C1B33ACDC0062E9E9 /* AppDelegate.swift */; };
		59D4908F1B33ACDC0062E9E9 /* ViewController.swift in Sources */ = {isa = PBXBuildFile; fileRef = 59D4908E1B33ACDC0062E9E9 /* ViewController.swift */; };
		59D490921B33ACDC0062E9E9 /* Main.storyboard in Resources */ = {isa = PBXBuildFile; fileRef = 59D490901B33ACDC0062E9E9 /* Main.storyboard */; };
		59D490941B33ACDC0062E9E9 /* Assets.xcassets in Resources */ = {isa = PBXBuildFile; fileRef = 59D490931B33ACDC0062E9E9 /* Assets.xcassets */; };
		59D490971B33ACDC0062E9E9 /* LaunchScreen.storyboard in Resources */ = {isa = PBXBuildFile; fileRef = 59D490951B33ACDC0062E9E9 /* LaunchScreen.storyboard */; };
		59D4909C1B33ACDC0062E9E9 /* WatchActivitySample WatchKit App.app in Embed Watch Content */ = {isa = PBXBuildFile; fileRef = 59D4909B1B33ACDC0062E9E9 /* WatchActivitySample WatchKit App.app */; };
		59D490A21B33ACDC0062E9E9 /* Interface.storyboard in Resources */ = {isa = PBXBuildFile; fileRef = 59D490A01B33ACDC0062E9E9 /* Interface.storyboard */; };
		59D490A41B33ACDC0062E9E9 /* Assets.xcassets in Resources */ = {isa = PBXBuildFile; fileRef = 59D490A31B33ACDC0062E9E9 /* Assets.xcassets */; };
		59D490AB1B33ACDD0062E9E9 /* WatchActivitySample WatchKit Extension.appex in Embed App Extensions */ = {isa = PBXBuildFile; fileRef = 59D490AA1B33ACDD0062E9E9 /* WatchActivitySample WatchKit Extension.appex */; settings = {ATTRIBUTES = (RemoveHeadersOnCopy, ); }; };
		59D490B01B33ACDD0062E9E9 /* InterfaceController.swift in Sources */ = {isa = PBXBuildFile; fileRef = 59D490AF1B33ACDD0062E9E9 /* InterfaceController.swift */; };
		59D490B21B33ACDD0062E9E9 /* ExtensionDelegate.swift in Sources */ = {isa = PBXBuildFile; fileRef = 59D490B11B33ACDD0062E9E9 /* ExtensionDelegate.swift */; };
		59D490B41B33ACDD0062E9E9 /* Assets.xcassets in Resources */ = {isa = PBXBuildFile; fileRef = 59D490B31B33ACDD0062E9E9 /* Assets.xcassets */; };
/* End PBXBuildFile section */

/* Begin PBXContainerItemProxy section */
		59D4909D1B33ACDC0062E9E9 /* PBXContainerItemProxy */ = {
			isa = PBXContainerItemProxy;
			containerPortal = 59D490811B33ACDC0062E9E9 /* Project object */;
			proxyType = 1;
			remoteGlobalIDString = 59D4909A1B33ACDC0062E9E9;
			remoteInfo = "WatchActivitySample WatchKit App";
		};
		59D490AC1B33ACDD0062E9E9 /* PBXContainerItemProxy */ = {
			isa = PBXContainerItemProxy;
			containerPortal = 59D490811B33ACDC0062E9E9 /* Project object */;
			proxyType = 1;
			remoteGlobalIDString = 59D490A91B33ACDD0062E9E9;
			remoteInfo = "WatchActivitySample WatchKit Extension";
		};
/* End PBXContainerItemProxy section */

/* Begin PBXCopyFilesBuildPhase section */
		59D490BB1B33ACDD0062E9E9 /* Embed App Extensions */ = {
			isa = PBXCopyFilesBuildPhase;
			buildActionMask = 2147483647;
			dstPath = "";
			dstSubfolderSpec = 13;
			files = (
				59D490AB1B33ACDD0062E9E9 /* WatchActivitySample WatchKit Extension.appex in Embed App Extensions */,
			);
			name = "Embed App Extensions";
			runOnlyForDeploymentPostprocessing = 0;
		};
		59D490BF1B33ACDD0062E9E9 /* Embed Watch Content */ = {
			isa = PBXCopyFilesBuildPhase;
			buildActionMask = 2147483647;
			dstPath = "$(CONTENTS_FOLDER_PATH)/Watch";
			dstSubfolderSpec = 16;
			files = (
				59D4909C1B33ACDC0062E9E9 /* WatchActivitySample WatchKit App.app in Embed Watch Content */,
			);
			name = "Embed Watch Content";
			runOnlyForDeploymentPostprocessing = 0;
		};
/* End PBXCopyFilesBuildPhase section */

/* Begin PBXFileReference section */
		59D490891B33ACDC0062E9E9 /* WatchActivitySample.app */ = {isa = PBXFileReference; explicitFileType = wrapper.application; includeInIndex = 0; path = WatchActivitySample.app; sourceTree = BUILT_PRODUCTS_DIR; };
		59D4908C1B33ACDC0062E9E9 /* AppDelegate.swift */ = {isa = PBXFileReference; lastKnownFileType = sourcecode.swift; path = AppDelegate.swift; sourceTree = "<group>"; };
		59D4908E1B33ACDC0062E9E9 /* ViewController.swift */ = {isa = PBXFileReference; lastKnownFileType = sourcecode.swift; path = ViewController.swift; sourceTree = "<group>"; };
		59D490911B33ACDC0062E9E9 /* Base */ = {isa = PBXFileReference; lastKnownFileType = file.storyboard; name = Base; path = Base.lproj/Main.storyboard; sourceTree = "<group>"; };
		59D490931B33ACDC0062E9E9 /* Assets.xcassets */ = {isa = PBXFileReference; lastKnownFileType = folder.assetcatalog; path = Assets.xcassets; sourceTree = "<group>"; };
		59D490961B33ACDC0062E9E9 /* Base */ = {isa = PBXFileReference; lastKnownFileType = file.storyboard; name = Base; path = Base.lproj/LaunchScreen.storyboard; sourceTree = "<group>"; };
		59D490981B33ACDC0062E9E9 /* Info.plist */ = {isa = PBXFileReference; lastKnownFileType = text.plist.xml; path = Info.plist; sourceTree = "<group>"; };
		59D4909B1B33ACDC0062E9E9 /* WatchActivitySample WatchKit App.app */ = {isa = PBXFileReference; explicitFileType = wrapper.application; includeInIndex = 0; path = "WatchActivitySample WatchKit App.app"; sourceTree = BUILT_PRODUCTS_DIR; };
		59D490A11B33ACDC0062E9E9 /* Base */ = {isa = PBXFileReference; lastKnownFileType = file.storyboard; name = Base; path = Base.lproj/Interface.storyboard; sourceTree = "<group>"; };
		59D490A31B33ACDC0062E9E9 /* Assets.xcassets */ = {isa = PBXFileReference; lastKnownFileType = folder.assetcatalog; path = Assets.xcassets; sourceTree = "<group>"; };
		59D490A51B33ACDC0062E9E9 /* Info.plist */ = {isa = PBXFileReference; lastKnownFileType = text.plist.xml; path = Info.plist; sourceTree = "<group>"; };
		59D490AA1B33ACDD0062E9E9 /* WatchActivitySample WatchKit Extension.appex */ = {isa = PBXFileReference; explicitFileType = "wrapper.app-extension"; includeInIndex = 0; path = "WatchActivitySample WatchKit Extension.appex"; sourceTree = BUILT_PRODUCTS_DIR; };
		59D490AF1B33ACDD0062E9E9 /* InterfaceController.swift */ = {isa = PBXFileReference; lastKnownFileType = sourcecode.swift; path = InterfaceController.swift; sourceTree = "<group>"; };
		59D490B11B33ACDD0062E9E9 /* ExtensionDelegate.swift */ = {isa = PBXFileReference; lastKnownFileType = sourcecode.swift; path = ExtensionDelegate.swift; sourceTree = "<group>"; };
		59D490B31B33ACDD0062E9E9 /* Assets.xcassets */ = {isa = PBXFileReference; lastKnownFileType = folder.assetcatalog; path = Assets.xcassets; sourceTree = "<group>"; };
		59D490B51B33ACDD0062E9E9 /* Info.plist */ = {isa = PBXFileReference; lastKnownFileType = text.plist.xml; path = Info.plist; sourceTree = "<group>"; };
/* End PBXFileReference section */

/* Begin PBXFrameworksBuildPhase section */
		59D490861B33ACDC0062E9E9 /* Frameworks */ = {
			isa = PBXFrameworksBuildPhase;
			buildActionMask = 2147483647;
			files = (
			);
			runOnlyForDeploymentPostprocessing = 0;
		};
		59D490A71B33ACDD0062E9E9 /* Frameworks */ = {
			isa = PBXFrameworksBuildPhase;
			buildActionMask = 2147483647;
			files = (
			);
			runOnlyForDeploymentPostprocessing = 0;
		};
/* End PBXFrameworksBuildPhase section */

/* Begin PBXGroup section */
		59D490801B33ACDC0062E9E9 = {
			isa = PBXGroup;
			children = (
				59D4908B1B33ACDC0062E9E9 /* WatchActivitySample */,
				59D4909F1B33ACDC0062E9E9 /* WatchActivitySample WatchKit App */,
				59D490AE1B33ACDD0062E9E9 /* WatchActivitySample WatchKit Extension */,
				59D4908A1B33ACDC0062E9E9 /* Products */,
			);
			sourceTree = "<group>";
		};
		59D4908A1B33ACDC0062E9E9 /* Products */ = {
			isa = PBXGroup;
			children = (
				59D490891B33ACDC0062E9E9 /* WatchActivitySample.app */,
				59D4909B1B33ACDC0062E9E9 /* WatchActivitySample WatchKit App.app */,
				59D490AA1B33ACDD0062E9E9 /* WatchActivitySample WatchKit Extension.appex */,
			);
			name = Products;
			sourceTree = "<group>";
		};
		59D4908B1B33ACDC0062E9E9 /* WatchActivitySample */ = {
			isa = PBXGroup;
			children = (
				59D4908C1B33ACDC0062E9E9 /* AppDelegate.swift */,
				59D4908E1B33ACDC0062E9E9 /* ViewController.swift */,
				59D490901B33ACDC0062E9E9 /* Main.storyboard */,
				59D490931B33ACDC0062E9E9 /* Assets.xcassets */,
				59D490951B33ACDC0062E9E9 /* LaunchScreen.storyboard */,
				59D490981B33ACDC0062E9E9 /* Info.plist */,
			);
			path = WatchActivitySample;
			sourceTree = "<group>";
		};
		59D4909F1B33ACDC0062E9E9 /* WatchActivitySample WatchKit App */ = {
			isa = PBXGroup;
			children = (
				59D490A01B33ACDC0062E9E9 /* Interface.storyboard */,
				59D490A31B33ACDC0062E9E9 /* Assets.xcassets */,
				59D490A51B33ACDC0062E9E9 /* Info.plist */,
			);
			path = "WatchActivitySample WatchKit App";
			sourceTree = "<group>";
		};
		59D490AE1B33ACDD0062E9E9 /* WatchActivitySample WatchKit Extension */ = {
			isa = PBXGroup;
			children = (
				59D490AF1B33ACDD0062E9E9 /* InterfaceController.swift */,
				59D490B11B33ACDD0062E9E9 /* ExtensionDelegate.swift */,
				59D490B31B33ACDD0062E9E9 /* Assets.xcassets */,
				59D490B51B33ACDD0062E9E9 /* Info.plist */,
			);
			path = "WatchActivitySample WatchKit Extension";
			sourceTree = "<group>";
		};
/* End PBXGroup section */

/* Begin PBXNativeTarget section */
		59D490881B33ACDC0062E9E9 /* WatchActivitySample */ = {
			isa = PBXNativeTarget;
			buildConfigurationList = 59D490C01B33ACDD0062E9E9 /* Build configuration list for PBXNativeTarget "WatchActivitySample" */;
			buildPhases = (
				59D490851B33ACDC0062E9E9 /* Sources */,
				59D490861B33ACDC0062E9E9 /* Frameworks */,
				59D490871B33ACDC0062E9E9 /* Resources */,
				59D490BF1B33ACDD0062E9E9 /* Embed Watch Content */,
			);
			buildRules = (
			);
			dependencies = (
				59D4909E1B33ACDC0062E9E9 /* PBXTargetDependency */,
			);
			name = WatchActivitySample;
			productName = WatchActivitySample;
			productReference = 59D490891B33ACDC0062E9E9 /* WatchActivitySample.app */;
			productType = "com.apple.product-type.application";
		};
		59D4909A1B33ACDC0062E9E9 /* WatchActivitySample WatchKit App */ = {
			isa = PBXNativeTarget;
			buildConfigurationList = 59D490BC1B33ACDD0062E9E9 /* Build configuration list for PBXNativeTarget "WatchActivitySample WatchKit App" */;
			buildPhases = (
				59D490991B33ACDC0062E9E9 /* Resources */,
				59D490BB1B33ACDD0062E9E9 /* Embed App Extensions */,
			);
			buildRules = (
			);
			dependencies = (
				59D490AD1B33ACDD0062E9E9 /* PBXTargetDependency */,
			);
			name = "WatchActivitySample WatchKit App";
			productName = "WatchActivitySample WatchKit App";
			productReference = 59D4909B1B33ACDC0062E9E9 /* WatchActivitySample WatchKit App.app */;
			productType = "com.apple.product-type.application.watchapp2";
		};
		59D490A91B33ACDD0062E9E9 /* WatchActivitySample WatchKit Extension */ = {
			isa = PBXNativeTarget;
			buildConfigurationList = 59D490B81B33ACDD0062E9E9 /* Build configuration list for PBXNativeTarget "WatchActivitySample WatchKit Extension" */;
			buildPhases = (
				59D490A61B33ACDD0062E9E9 /* Sources */,
				59D490A71B33ACDD0062E9E9 /* Frameworks */,
				59D490A81B33ACDD0062E9E9 /* Resources */,
			);
			buildRules = (
			);
			dependencies = (
			);
			name = "WatchActivitySample WatchKit Extension";
			productName = "WatchActivitySample WatchKit Extension";
			productReference = 59D490AA1B33ACDD0062E9E9 /* WatchActivitySample WatchKit Extension.appex */;
			productType = "com.apple.product-type.watchkit2-extension";
		};
/* End PBXNativeTarget section */

/* Begin PBXProject section */
		59D490811B33ACDC0062E9E9 /* Project object */ = {
			isa = PBXProject;
			attributes = {
				LastUpgradeCheck = 0700;
				ORGANIZATIONNAME = "HDE, Inc.";
				TargetAttributes = {
					59D490881B33ACDC0062E9E9 = {
						CreatedOnToolsVersion = 7.0;
					};
					59D4909A1B33ACDC0062E9E9 = {
						CreatedOnToolsVersion = 7.0;
					};
					59D490A91B33ACDD0062E9E9 = {
						CreatedOnToolsVersion = 7.0;
					};
				};
			};
			buildConfigurationList = 59D490841B33ACDC0062E9E9 /* Build configuration list for PBXProject "WatchActivitySample" */;
			compatibilityVersion = "Xcode 3.2";
			developmentRegion = English;
			hasScannedForEncodings = 0;
			knownRegions = (
				en,
				Base,
			);
			mainGroup = 59D490801B33ACDC0062E9E9;
			productRefGroup = 59D4908A1B33ACDC0062E9E9 /* Products */;
			projectDirPath = "";
			projectRoot = "";
			targets = (
				59D490881B33ACDC0062E9E9 /* WatchActivitySample */,
				59D4909A1B33ACDC0062E9E9 /* WatchActivitySample WatchKit App */,
				59D490A91B33ACDD0062E9E9 /* WatchActivitySample WatchKit Extension */,
			);
		};
/* End PBXProject section */

/* Begin PBXResourcesBuildPhase section */
		59D490871B33ACDC0062E9E9 /* Resources */ = {
			isa = PBXResourcesBuildPhase;
			buildActionMask = 2147483647;
			files = (
				59D490971B33ACDC0062E9E9 /* LaunchScreen.storyboard in Resources */,
				59D490941B33ACDC0062E9E9 /* Assets.xcassets in Resources */,
				59D490921B33ACDC0062E9E9 /* Main.storyboard in Resources */,
			);
			runOnlyForDeploymentPostprocessing = 0;
		};
		59D490991B33ACDC0062E9E9 /* Resources */ = {
			isa = PBXResourcesBuildPhase;
			buildActionMask = 2147483647;
			files = (
				59D490A41B33ACDC0062E9E9 /* Assets.xcassets in Resources */,
				59D490A21B33ACDC0062E9E9 /* Interface.storyboard in Resources */,
			);
			runOnlyForDeploymentPostprocessing = 0;
		};
		59D490A81B33ACDD0062E9E9 /* Resources */ = {
			isa = PBXResourcesBuildPhase;
			buildActionMask = 2147483647;
			files = (
				59D490B41B33ACDD0062E9E9 /* Assets.xcassets in Resources */,
			);
			runOnlyForDeploymentPostprocessing = 0;
		};
/* End PBXResourcesBuildPhase section */

/* Begin PBXSourcesBuildPhase section */
		59D490851B33ACDC0062E9E9 /* Sources */ = {
			isa = PBXSourcesBuildPhase;
			buildActionMask = 2147483647;
			files = (
				59D4908F1B33ACDC0062E9E9 /* ViewController.swift in Sources */,
				59D4908D1B33ACDC0062E9E9 /* AppDelegate.swift in Sources */,
			);
			runOnlyForDeploymentPostprocessing = 0;
		};
		59D490A61B33ACDD0062E9E9 /* Sources */ = {
			isa = PBXSourcesBuildPhase;
			buildActionMask = 2147483647;
			files = (
				59D490B21B33ACDD0062E9E9 /* ExtensionDelegate.swift in Sources */,
				59D490B01B33ACDD0062E9E9 /* InterfaceController.swift in Sources */,
			);
			runOnlyForDeploymentPostprocessing = 0;
		};
/* End PBXSourcesBuildPhase section */

/* Begin PBXTargetDependency section */
		59D4909E1B33ACDC0062E9E9 /* PBXTargetDependency */ = {
			isa = PBXTargetDependency;
			target = 59D4909A1B33ACDC0062E9E9 /* WatchActivitySample WatchKit App */;
			targetProxy = 59D4909D1B33ACDC0062E9E9 /* PBXContainerItemProxy */;
		};
		59D490AD1B33ACDD0062E9E9 /* PBXTargetDependency */ = {
			isa = PBXTargetDependency;
			target = 59D490A91B33ACDD0062E9E9 /* WatchActivitySample WatchKit Extension */;
			targetProxy = 59D490AC1B33ACDD0062E9E9 /* PBXContainerItemProxy */;
		};
/* End PBXTargetDependency section */

/* Begin PBXVariantGroup section */
		59D490901B33ACDC0062E9E9 /* Main.storyboard */ = {
			isa = PBXVariantGroup;
			children = (
				59D490911B33ACDC0062E9E9 /* Base */,
			);
			name = Main.storyboard;
			sourceTree = "<group>";
		};
		59D490951B33ACDC0062E9E9 /* LaunchScreen.storyboard */ = {
			isa = PBXVariantGroup;
			children = (
				59D490961B33ACDC0062E9E9 /* Base */,
			);
			name = LaunchScreen.storyboard;
			sourceTree = "<group>";
		};
		59D490A01B33ACDC0062E9E9 /* Interface.storyboard */ = {
			isa = PBXVariantGroup;
			children = (
				59D490A11B33ACDC0062E9E9 /* Base */,
			);
			name = Interface.storyboard;
			sourceTree = "<group>";
		};
/* End PBXVariantGroup section */

/* Begin XCBuildConfiguration section */
		59D490B61B33ACDD0062E9E9 /* Debug */ = {
			isa = XCBuildConfiguration;
			buildSettings = {
				ALWAYS_SEARCH_USER_PATHS = NO;
				CLANG_CXX_LANGUAGE_STANDARD = "gnu++0x";
				CLANG_CXX_LIBRARY = "libc++";
				CLANG_ENABLE_MODULES = YES;
				CLANG_ENABLE_OBJC_ARC = YES;
				CLANG_WARN_BOOL_CONVERSION = YES;
				CLANG_WARN_CONSTANT_CONVERSION = YES;
				CLANG_WARN_DIRECT_OBJC_ISA_USAGE = YES_ERROR;
				CLANG_WARN_EMPTY_BODY = YES;
				CLANG_WARN_ENUM_CONVERSION = YES;
				CLANG_WARN_INT_CONVERSION = YES;
				CLANG_WARN_OBJC_ROOT_CLASS = YES_ERROR;
				CLANG_WARN_UNREACHABLE_CODE = YES;
				CLANG_WARN__DUPLICATE_METHOD_MATCH = YES;
				"CODE_SIGN_IDENTITY[sdk=iphoneos*]" = "iPhone Developer";
				COPY_PHASE_STRIP = NO;
				DEBUG_INFORMATION_FORMAT = dwarf;
				ENABLE_STRICT_OBJC_MSGSEND = YES;
				ENABLE_TESTABILITY = YES;
				GCC_C_LANGUAGE_STANDARD = gnu99;
				GCC_DYNAMIC_NO_PIC = NO;
				GCC_NO_COMMON_BLOCKS = YES;
				GCC_OPTIMIZATION_LEVEL = 0;
				GCC_PREPROCESSOR_DEFINITIONS = (
					"DEBUG=1",
					"$(inherited)",
				);
				GCC_WARN_64_TO_32_BIT_CONVERSION = YES;
				GCC_WARN_ABOUT_RETURN_TYPE = YES_ERROR;
				GCC_WARN_UNDECLARED_SELECTOR = YES;
				GCC_WARN_UNINITIALIZED_AUTOS = YES_AGGRESSIVE;
				GCC_WARN_UNUSED_FUNCTION = YES;
				GCC_WARN_UNUSED_VARIABLE = YES;
				IPHONEOS_DEPLOYMENT_TARGET = 9.0;
				MTL_ENABLE_DEBUG_INFO = YES;
				ONLY_ACTIVE_ARCH = YES;
				SDKROOT = iphoneos;
				SWIFT_OPTIMIZATION_LEVEL = "-Onone";
				TARGETED_DEVICE_FAMILY = "1,2";
			};
			name = Debug;
		};
		59D490B71B33ACDD0062E9E9 /* Release */ = {
			isa = XCBuildConfiguration;
			buildSettings = {
				ALWAYS_SEARCH_USER_PATHS = NO;
				CLANG_CXX_LANGUAGE_STANDARD = "gnu++0x";
				CLANG_CXX_LIBRARY = "libc++";
				CLANG_ENABLE_MODULES = YES;
				CLANG_ENABLE_OBJC_ARC = YES;
				CLANG_WARN_BOOL_CONVERSION = YES;
				CLANG_WARN_CONSTANT_CONVERSION = YES;
				CLANG_WARN_DIRECT_OBJC_ISA_USAGE = YES_ERROR;
				CLANG_WARN_EMPTY_BODY = YES;
				CLANG_WARN_ENUM_CONVERSION = YES;
				CLANG_WARN_INT_CONVERSION = YES;
				CLANG_WARN_OBJC_ROOT_CLASS = YES_ERROR;
				CLANG_WARN_UNREACHABLE_CODE = YES;
				CLANG_WARN__DUPLICATE_METHOD_MATCH = YES;
				"CODE_SIGN_IDENTITY[sdk=iphoneos*]" = "iPhone Developer";
				COPY_PHASE_STRIP = NO;
				DEBUG_INFORMATION_FORMAT = "dwarf-with-dsym";
				ENABLE_NS_ASSERTIONS = NO;
				ENABLE_STRICT_OBJC_MSGSEND = YES;
				GCC_C_LANGUAGE_STANDARD = gnu99;
				GCC_NO_COMMON_BLOCKS = YES;
				GCC_WARN_64_TO_32_BIT_CONVERSION = YES;
				GCC_WARN_ABOUT_RETURN_TYPE = YES_ERROR;
				GCC_WARN_UNDECLARED_SELECTOR = YES;
				GCC_WARN_UNINITIALIZED_AUTOS = YES_AGGRESSIVE;
				GCC_WARN_UNUSED_FUNCTION = YES;
				GCC_WARN_UNUSED_VARIABLE = YES;
				IPHONEOS_DEPLOYMENT_TARGET = 9.0;
				MTL_ENABLE_DEBUG_INFO = NO;
				SDKROOT = iphoneos;
				TARGETED_DEVICE_FAMILY = "1,2";
				VALIDATE_PRODUCT = YES;
			};
			name = Release;
		};
		59D490B91B33ACDD0062E9E9 /* Debug */ = {
			isa = XCBuildConfiguration;
			buildSettings = {
				"CODE_SIGN_IDENTITY[sdk=watchos*]" = "iPhone Developer";
				INFOPLIST_FILE = "WatchActivitySample WatchKit Extension/Info.plist";
				LD_RUNPATH_SEARCH_PATHS = "$(inherited) @executable_path/Frameworks @executable_path/../../Frameworks";
				PRODUCT_BUNDLE_IDENTIFIER = jp.co.hde.WatchActivitySample.watchkitapp.watchkitextension;
				PRODUCT_NAME = "${TARGET_NAME}";
				SDKROOT = watchos;
				SKIP_INSTALL = YES;
				TARGETED_DEVICE_FAMILY = 4;
				WATCHOS_DEPLOYMENT_TARGET = 2.0;
			};
			name = Debug;
		};
		59D490BA1B33ACDD0062E9E9 /* Release */ = {
			isa = XCBuildConfiguration;
			buildSettings = {
				"CODE_SIGN_IDENTITY[sdk=watchos*]" = "iPhone Developer";
				INFOPLIST_FILE = "WatchActivitySample WatchKit Extension/Info.plist";
				LD_RUNPATH_SEARCH_PATHS = "$(inherited) @executable_path/Frameworks @executable_path/../../Frameworks";
				PRODUCT_BUNDLE_IDENTIFIER = jp.co.hde.WatchActivitySample.watchkitapp.watchkitextension;
				PRODUCT_NAME = "${TARGET_NAME}";
				SDKROOT = watchos;
				SKIP_INSTALL = YES;
				TARGETED_DEVICE_FAMILY = 4;
				WATCHOS_DEPLOYMENT_TARGET = 2.0;
			};
			name = Release;
		};
		59D490BD1B33ACDD0062E9E9 /* Debug */ = {
			isa = XCBuildConfiguration;
			buildSettings = {
				ASSETCATALOG_COMPILER_APPICON_NAME = AppIcon;
				"CODE_SIGN_IDENTITY[sdk=watchos*]" = "iPhone Developer";
				EMBEDDED_CONTENT_CONTAINS_SWIFT = YES;
				IBSC_MODULE = WatchActivitySample_WatchKit_Extension;
				INFOPLIST_FILE = "WatchActivitySample WatchKit App/Info.plist";
				PRODUCT_BUNDLE_IDENTIFIER = jp.co.hde.WatchActivitySample.watchkitapp;
				PRODUCT_NAME = "$(TARGET_NAME)";
				SDKROOT = watchos;
				SKIP_INSTALL = YES;
				TARGETED_DEVICE_FAMILY = 4;
				WATCHOS_DEPLOYMENT_TARGET = 2.0;
			};
			name = Debug;
		};
		59D490BE1B33ACDD0062E9E9 /* Release */ = {
			isa = XCBuildConfiguration;
			buildSettings = {
				ASSETCATALOG_COMPILER_APPICON_NAME = AppIcon;
				"CODE_SIGN_IDENTITY[sdk=watchos*]" = "iPhone Developer";
				EMBEDDED_CONTENT_CONTAINS_SWIFT = YES;
				IBSC_MODULE = WatchActivitySample_WatchKit_Extension;
				INFOPLIST_FILE = "WatchActivitySample WatchKit App/Info.plist";
				PRODUCT_BUNDLE_IDENTIFIER = jp.co.hde.WatchActivitySample.watchkitapp;
				PRODUCT_NAME = "$(TARGET_NAME)";
				SDKROOT = watchos;
				SKIP_INSTALL = YES;
				TARGETED_DEVICE_FAMILY = 4;
				WATCHOS_DEPLOYMENT_TARGET = 2.0;
			};
			name = Release;
		};
		59D490C11B33ACDD0062E9E9 /* Debug */ = {
			isa = XCBuildConfiguration;
			buildSettings = {
				ASSETCATALOG_COMPILER_APPICON_NAME = AppIcon;
				INFOPLIST_FILE = WatchActivitySample/Info.plist;
				LD_RUNPATH_SEARCH_PATHS = "$(inherited) @executable_path/Frameworks";
				PRODUCT_BUNDLE_IDENTIFIER = jp.co.hde.WatchActivitySample;
				PRODUCT_NAME = "$(TARGET_NAME)";
			};
			name = Debug;
		};
		59D490C21B33ACDD0062E9E9 /* Release */ = {
			isa = XCBuildConfiguration;
			buildSettings = {
				ASSETCATALOG_COMPILER_APPICON_NAME = AppIcon;
				INFOPLIST_FILE = WatchActivitySample/Info.plist;
				LD_RUNPATH_SEARCH_PATHS = "$(inherited) @executable_path/Frameworks";
				PRODUCT_BUNDLE_IDENTIFIER = jp.co.hde.WatchActivitySample;
				PRODUCT_NAME = "$(TARGET_NAME)";
			};
			name = Release;
		};
/* End XCBuildConfiguration section */

/* Begin XCConfigurationList section */
		59D490841B33ACDC0062E9E9 /* Build configuration list for PBXProject "WatchActivitySample" */ = {
			isa = XCConfigurationList;
			buildConfigurations = (
				59D490B61B33ACDD0062E9E9 /* Debug */,
				59D490B71B33ACDD0062E9E9 /* Release */,
			);
			defaultConfigurationIsVisible = 0;
			defaultConfigurationName = Release;
		};
		59D490B81B33ACDD0062E9E9 /* Build configuration list for PBXNativeTarget "WatchActivitySample WatchKit Extension" */ = {
			isa = XCConfigurationList;
			buildConfigurations = (
				59D490B91B33ACDD0062E9E9 /* Debug */,
				59D490BA1B33ACDD0062E9E9 /* Release */,
			);
			defaultConfigurationIsVisible = 0;
		};
		59D490BC1B33ACDD0062E9E9 /* Build configuration list for PBXNativeTarget "WatchActivitySample WatchKit App" */ = {
			isa = XCConfigurationList;
			buildConfigurations = (
				59D490BD1B33ACDD0062E9E9 /* Debug */,
				59D490BE1B33ACDD0062E9E9 /* Release */,
			);
			defaultConfigurationIsVisible = 0;
		};
		59D490C01B33ACDD0062E9E9 /* Build configuration list for PBXNativeTarget "WatchActivitySample" */ = {
			isa = XCConfigurationList;
			buildConfigurations = (
				59D490C11B33ACDD0062E9E9 /* Debug */,
				59D490C21B33ACDD0062E9E9 /* Release */,
			);
			defaultConfigurationIsVisible = 0;
		};
/* End XCConfigurationList section */
	};
	rootObject = 59D490811B33ACDC0062E9E9 /* Project object */;
}
